
Microsoft Visual Studio Solution File, Format Version 12.00
# Visual Studio Version 17
VisualStudioVersion = 17.1.32228.430
MinimumVisualStudioVersion = 10.0.40219.1
Project("{FAE04EC0-301F-11D3-BF4B-00C04F79EFBC}") = "SGT-day14-task", "SGT-day14-task\SGT-day14-task.csproj", "{7042F01E-ADB0-4EF6-A135-574BE78291C2}"
EndProject
Global
	GlobalSection(SolutionConfigurationPlatforms) = preSolution
		Debug|Any CPU = Debug|Any CPU
		Release|Any CPU = Release|Any CPU
	EndGlobalSection
	GlobalSection(ProjectConfigurationPlatforms) = postSolution
		{7042F01E-ADB0-4EF6-A135-574BE78291C2}.Debug|Any CPU.ActiveCfg = Debug|Any CPU
		{7042F01E-ADB0-4EF6-A135-574BE78291C2}.Debug|Any CPU.Build.0 = Debug|Any CPU
		{7042F01E-ADB0-4EF6-A135-574BE78291C2}.Release|Any CPU.ActiveCfg = Release|Any CPU
		{7042F01E-ADB0-4EF6-A135-574BE78291C2}.Release|Any CPU.Build.0 = Release|Any CPU
	EndGlobalSection
	GlobalSection(SolutionProperties) = preSolution
		HideSolutionNode = FALSE
	EndGlobalSection
	GlobalSection(ExtensibilityGlobals) = postSolution
		SolutionGuid = {1F9556EA-5E09-4B93-A8A6-85F8FEF6691C}
	EndGlobalSection
EndGlobal
